// !$*UTF8*$!
{
	archiveVersion = 1;
	classes = {
	};
	objectVersion = 46;
	objects = {

/* Begin PBXBuildFile section */
		18E7E52A1C2563BD0036641F /* UIScrollView+AutoScroll.m in Sources */ = {isa = PBXBuildFile; fileRef = 18E7E5291C2563BD0036641F /* UIScrollView+AutoScroll.m */; };
		18E7E52D1C2569550036641F /* CodeScrollTestViewController.m in Sources */ = {isa = PBXBuildFile; fileRef = 18E7E52C1C2569550036641F /* CodeScrollTestViewController.m */; };
		18F131CF1C23B66A00619953 /* main.m in Sources */ = {isa = PBXBuildFile; fileRef = 18F131CE1C23B66A00619953 /* main.m */; };
		18F131D21C23B66A00619953 /* AppDelegate.m in Sources */ = {isa = PBXBuildFile; fileRef = 18F131D11C23B66A00619953 /* AppDelegate.m */; };
		18F131D51C23B66A00619953 /* ViewController.m in Sources */ = {isa = PBXBuildFile; fileRef = 18F131D41C23B66A00619953 /* ViewController.m */; };
		18F131D81C23B66A00619953 /* Main.storyboard in Resources */ = {isa = PBXBuildFile; fileRef = 18F131D61C23B66A00619953 /* Main.storyboard */; };
		18F131DA1C23B66A00619953 /* Assets.xcassets in Resources */ = {isa = PBXBuildFile; fileRef = 18F131D91C23B66A00619953 /* Assets.xcassets */; };
		18F131DD1C23B66A00619953 /* LaunchScreen.storyboard in Resources */ = {isa = PBXBuildFile; fileRef = 18F131DB1C23B66A00619953 /* LaunchScreen.storyboard */; };
		18F131E81C23B66A00619953 /* customUIScrollViewTests.m in Sources */ = {isa = PBXBuildFile; fileRef = 18F131E71C23B66A00619953 /* customUIScrollViewTests.m */; };
		18F131F31C23B66A00619953 /* customUIScrollViewUITests.m in Sources */ = {isa = PBXBuildFile; fileRef = 18F131F21C23B66A00619953 /* customUIScrollViewUITests.m */; };
		18F132021C23B69500619953 /* BaseViewController.m in Sources */ = {isa = PBXBuildFile; fileRef = 18F132011C23B69500619953 /* BaseViewController.m */; };
		18F132061C23B7B100619953 /* MyViewController.m in Sources */ = {isa = PBXBuildFile; fileRef = 18F132041C23B7B100619953 /* MyViewController.m */; };
		18F132071C23B7B100619953 /* MyViewController.xib in Resources */ = {isa = PBXBuildFile; fileRef = 18F132051C23B7B100619953 /* MyViewController.xib */; };
		18F1320A1C23C02400619953 /* UIAutoScrollView.m in Sources */ = {isa = PBXBuildFile; fileRef = 18F132091C23C02400619953 /* UIAutoScrollView.m */; };
		18F1320E1C23F1E500619953 /* anniu_dibu.png in Resources */ = {isa = PBXBuildFile; fileRef = 18F1320B1C23F1E500619953 /* anniu_dibu.png */; };
		18F1320F1C23F1E500619953 /* anniu_dibu@2x.png in Resources */ = {isa = PBXBuildFile; fileRef = 18F1320C1C23F1E500619953 /* anniu_dibu@2x.png */; };
		18F132101C23F1E500619953 /* anniu_dibu@3x.png in Resources */ = {isa = PBXBuildFile; fileRef = 18F1320D1C23F1E500619953 /* anniu_dibu@3x.png */; };
/* End PBXBuildFile section */

/* Begin PBXContainerItemProxy section */
		18F131E41C23B66A00619953 /* PBXContainerItemProxy */ = {
			isa = PBXContainerItemProxy;
			containerPortal = 18F131C21C23B66A00619953 /* Project object */;
			proxyType = 1;
			remoteGlobalIDString = 18F131C91C23B66A00619953;
			remoteInfo = customUIScrollView;
		};
		18F131EF1C23B66A00619953 /* PBXContainerItemProxy */ = {
			isa = PBXContainerItemProxy;
			containerPortal = 18F131C21C23B66A00619953 /* Project object */;
			proxyType = 1;
			remoteGlobalIDString = 18F131C91C23B66A00619953;
			remoteInfo = customUIScrollView;
		};
/* End PBXContainerItemProxy section */

/* Begin PBXFileReference section */
		18E7E5281C2563BD0036641F /* UIScrollView+AutoScroll.h */ = {isa = PBXFileReference; fileEncoding = 4; lastKnownFileType = sourcecode.c.h; path = "UIScrollView+AutoScroll.h"; sourceTree = "<group>"; };
		18E7E5291C2563BD0036641F /* UIScrollView+AutoScroll.m */ = {isa = PBXFileReference; fileEncoding = 4; lastKnownFileType = sourcecode.c.objc; path = "UIScrollView+AutoScroll.m"; sourceTree = "<group>"; };
		18E7E52B1C2569550036641F /* CodeScrollTestViewController.h */ = {isa = PBXFileReference; fileEncoding = 4; lastKnownFileType = sourcecode.c.h; path = CodeScrollTestViewController.h; sourceTree = "<group>"; };
		18E7E52C1C2569550036641F /* CodeScrollTestViewController.m */ = {isa = PBXFileReference; fileEncoding = 4; lastKnownFileType = sourcecode.c.objc; path = CodeScrollTestViewController.m; sourceTree = "<group>"; };
		18F131CA1C23B66A00619953 /* customUIScrollView.app */ = {isa = PBXFileReference; explicitFileType = wrapper.application; includeInIndex = 0; path = customUIScrollView.app; sourceTree = BUILT_PRODUCTS_DIR; };
		18F131CE1C23B66A00619953 /* main.m */ = {isa = PBXFileReference; lastKnownFileType = sourcecode.c.objc; path = main.m; sourceTree = "<group>"; };
		18F131D01C23B66A00619953 /* AppDelegate.h */ = {isa = PBXFileReference; lastKnownFileType = sourcecode.c.h; path = AppDelegate.h; sourceTree = "<group>"; };
		18F131D11C23B66A00619953 /* AppDelegate.m */ = {isa = PBXFileReference; lastKnownFileType = sourcecode.c.objc; path = AppDelegate.m; sourceTree = "<group>"; };
		18F131D31C23B66A00619953 /* ViewController.h */ = {isa = PBXFileReference; lastKnownFileType = sourcecode.c.h; path = ViewController.h; sourceTree = "<group>"; };
		18F131D41C23B66A00619953 /* ViewController.m */ = {isa = PBXFileReference; lastKnownFileType = sourcecode.c.objc; path = ViewController.m; sourceTree = "<group>"; };
		18F131D71C23B66A00619953 /* Base */ = {isa = PBXFileReference; lastKnownFileType = file.storyboard; name = Base; path = Base.lproj/Main.storyboard; sourceTree = "<group>"; };
		18F131D91C23B66A00619953 /* Assets.xcassets */ = {isa = PBXFileReference; lastKnownFileType = folder.assetcatalog; path = Assets.xcassets; sourceTree = "<group>"; };
		18F131DC1C23B66A00619953 /* Base */ = {isa = PBXFileReference; lastKnownFileType = file.storyboard; name = Base; path = Base.lproj/LaunchScreen.storyboard; sourceTree = "<group>"; };
		18F131DE1C23B66A00619953 /* Info.plist */ = {isa = PBXFileReference; lastKnownFileType = text.plist.xml; path = Info.plist; sourceTree = "<group>"; };
		18F131E31C23B66A00619953 /* customUIScrollViewTests.xctest */ = {isa = PBXFileReference; explicitFileType = wrapper.cfbundle; includeInIndex = 0; path = customUIScrollViewTests.xctest; sourceTree = BUILT_PRODUCTS_DIR; };
		18F131E71C23B66A00619953 /* customUIScrollViewTests.m */ = {isa = PBXFileReference; lastKnownFileType = sourcecode.c.objc; path = customUIScrollViewTests.m; sourceTree = "<group>"; };
		18F131E91C23B66A00619953 /* Info.plist */ = {isa = PBXFileReference; lastKnownFileType = text.plist.xml; path = Info.plist; sourceTree = "<group>"; };
		18F131EE1C23B66A00619953 /* customUIScrollViewUITests.xctest */ = {isa = PBXFileReference; explicitFileType = wrapper.cfbundle; includeInIndex = 0; path = customUIScrollViewUITests.xctest; sourceTree = BUILT_PRODUCTS_DIR; };
		18F131F21C23B66A00619953 /* customUIScrollViewUITests.m */ = {isa = PBXFileReference; lastKnownFileType = sourcecode.c.objc; path = customUIScrollViewUITests.m; sourceTree = "<group>"; };
		18F131F41C23B66A00619953 /* Info.plist */ = {isa = PBXFileReference; lastKnownFileType = text.plist.xml; path = Info.plist; sourceTree = "<group>"; };
		18F132001C23B69500619953 /* BaseViewController.h */ = {isa = PBXFileReference; fileEncoding = 4; lastKnownFileType = sourcecode.c.h; path = BaseViewController.h; sourceTree = "<group>"; };
		18F132011C23B69500619953 /* BaseViewController.m */ = {isa = PBXFileReference; fileEncoding = 4; lastKnownFileType = sourcecode.c.objc; path = BaseViewController.m; sourceTree = "<group>"; };
		18F132031C23B7B100619953 /* MyViewController.h */ = {isa = PBXFileReference; fileEncoding = 4; lastKnownFileType = sourcecode.c.h; path = MyViewController.h; sourceTree = "<group>"; };
		18F132041C23B7B100619953 /* MyViewController.m */ = {isa = PBXFileReference; fileEncoding = 4; lastKnownFileType = sourcecode.c.objc; path = MyViewController.m; sourceTree = "<group>"; };
		18F132051C23B7B100619953 /* MyViewController.xib */ = {isa = PBXFileReference; fileEncoding = 4; lastKnownFileType = file.xib; path = MyViewController.xib; sourceTree = "<group>"; };
		18F132081C23C02400619953 /* UIAutoScrollView.h */ = {isa = PBXFileReference; fileEncoding = 4; lastKnownFileType = sourcecode.c.h; path = UIAutoScrollView.h; sourceTree = "<group>"; };
		18F132091C23C02400619953 /* UIAutoScrollView.m */ = {isa = PBXFileReference; fileEncoding = 4; lastKnownFileType = sourcecode.c.objc; path = UIAutoScrollView.m; sourceTree = "<group>"; };
		18F1320B1C23F1E500619953 /* anniu_dibu.png */ = {isa = PBXFileReference; lastKnownFileType = image.png; path = anniu_dibu.png; sourceTree = "<group>"; };
		18F1320C1C23F1E500619953 /* anniu_dibu@2x.png */ = {isa = PBXFileReference; lastKnownFileType = image.png; path = "anniu_dibu@2x.png"; sourceTree = "<group>"; };
		18F1320D1C23F1E500619953 /* anniu_dibu@3x.png */ = {isa = PBXFileReference; lastKnownFileType = image.png; path = "anniu_dibu@3x.png"; sourceTree = "<group>"; };
/* End PBXFileReference section */

/* Begin PBXFrameworksBuildPhase section */
		18F131C71C23B66A00619953 /* Frameworks */ = {
			isa = PBXFrameworksBuildPhase;
			buildActionMask = 2147483647;
			files = (
			);
			runOnlyForDeploymentPostprocessing = 0;
		};
		18F131E01C23B66A00619953 /* Frameworks */ = {
			isa = PBXFrameworksBuildPhase;
			buildActionMask = 2147483647;
			files = (
			);
			runOnlyForDeploymentPostprocessing = 0;
		};
		18F131EB1C23B66A00619953 /* Frameworks */ = {
			isa = PBXFrameworksBuildPhase;
			buildActionMask = 2147483647;
			files = (
			);
			runOnlyForDeploymentPostprocessing = 0;
		};
/* End PBXFrameworksBuildPhase section */

/* Begin PBXGroup section */
		18F131C11C23B66A00619953 = {
			isa = PBXGroup;
			children = (
				18F131CC1C23B66A00619953 /* customUIScrollView */,
				18F131E61C23B66A00619953 /* customUIScrollViewTests */,
				18F131F11C23B66A00619953 /* customUIScrollViewUITests */,
				18F131CB1C23B66A00619953 /* Products */,
			);
			sourceTree = "<group>";
		};
		18F131CB1C23B66A00619953 /* Products */ = {
			isa = PBXGroup;
			children = (
				18F131CA1C23B66A00619953 /* customUIScrollView.app */,
				18F131E31C23B66A00619953 /* customUIScrollViewTests.xctest */,
				18F131EE1C23B66A00619953 /* customUIScrollViewUITests.xctest */,
			);
			name = Products;
			sourceTree = "<group>";
		};
		18F131CC1C23B66A00619953 /* customUIScrollView */ = {
			isa = PBXGroup;
			children = (
				18F1320B1C23F1E500619953 /* anniu_dibu.png */,
				18F1320C1C23F1E500619953 /* anniu_dibu@2x.png */,
				18F1320D1C23F1E500619953 /* anniu_dibu@3x.png */,
				18F131D01C23B66A00619953 /* AppDelegate.h */,
				18F131D11C23B66A00619953 /* AppDelegate.m */,
				18F132001C23B69500619953 /* BaseViewController.h */,
				18F132011C23B69500619953 /* BaseViewController.m */,
				18F131D31C23B66A00619953 /* ViewController.h */,
				18F131D41C23B66A00619953 /* ViewController.m */,
				18F131D61C23B66A00619953 /* Main.storyboard */,
				18F131D91C23B66A00619953 /* Assets.xcassets */,
				18F131DB1C23B66A00619953 /* LaunchScreen.storyboard */,
				18F131DE1C23B66A00619953 /* Info.plist */,
				18F131CD1C23B66A00619953 /* Supporting Files */,
				18F132031C23B7B100619953 /* MyViewController.h */,
				18F132041C23B7B100619953 /* MyViewController.m */,
				18F132051C23B7B100619953 /* MyViewController.xib */,
				18F132081C23C02400619953 /* UIAutoScrollView.h */,
				18F132091C23C02400619953 /* UIAutoScrollView.m */,
				18E7E5281C2563BD0036641F /* UIScrollView+AutoScroll.h */,
				18E7E5291C2563BD0036641F /* UIScrollView+AutoScroll.m */,
				18E7E52B1C2569550036641F /* CodeScrollTestViewController.h */,
				18E7E52C1C2569550036641F /* CodeScrollTestViewController.m */,
			);
			path = customUIScrollView;
			sourceTree = "<group>";
		};
		18F131CD1C23B66A00619953 /* Supporting Files */ = {
			isa = PBXGroup;
			children = (
				18F131CE1C23B66A00619953 /* main.m */,
			);
			name = "Supporting Files";
			sourceTree = "<group>";
		};
		18F131E61C23B66A00619953 /* customUIScrollViewTests */ = {
			isa = PBXGroup;
			children = (
				18F131E71C23B66A00619953 /* customUIScrollViewTests.m */,
				18F131E91C23B66A00619953 /* Info.plist */,
			);
			path = customUIScrollViewTests;
			sourceTree = "<group>";
		};
		18F131F11C23B66A00619953 /* customUIScrollViewUITests */ = {
			isa = PBXGroup;
			children = (
				18F131F21C23B66A00619953 /* customUIScrollViewUITests.m */,
				18F131F41C23B66A00619953 /* Info.plist */,
			);
			path = customUIScrollViewUITests;
			sourceTree = "<group>";
		};
/* End PBXGroup section */

/* Begin PBXNativeTarget section */
		18F131C91C23B66A00619953 /* customUIScrollView */ = {
			isa = PBXNativeTarget;
			buildConfigurationList = 18F131F71C23B66A00619953 /* Build configuration list for PBXNativeTarget "customUIScrollView" */;
			buildPhases = (
				18F131C61C23B66A00619953 /* Sources */,
				18F131C71C23B66A00619953 /* Frameworks */,
				18F131C81C23B66A00619953 /* Resources */,
			);
			buildRules = (
			);
			dependencies = (
			);
			name = customUIScrollView;
			productName = customUIScrollView;
			productReference = 18F131CA1C23B66A00619953 /* customUIScrollView.app */;
			productType = "com.apple.product-type.application";
		};
		18F131E21C23B66A00619953 /* customUIScrollViewTests */ = {
			isa = PBXNativeTarget;
			buildConfigurationList = 18F131FA1C23B66A00619953 /* Build configuration list for PBXNativeTarget "customUIScrollViewTests" */;
			buildPhases = (
				18F131DF1C23B66A00619953 /* Sources */,
				18F131E01C23B66A00619953 /* Frameworks */,
				18F131E11C23B66A00619953 /* Resources */,
			);
			buildRules = (
			);
			dependencies = (
				18F131E51C23B66A00619953 /* PBXTargetDependency */,
			);
			name = customUIScrollViewTests;
			productName = customUIScrollViewTests;
			productReference = 18F131E31C23B66A00619953 /* customUIScrollViewTests.xctest */;
			productType = "com.apple.product-type.bundle.unit-test";
		};
		18F131ED1C23B66A00619953 /* customUIScrollViewUITests */ = {
			isa = PBXNativeTarget;
			buildConfigurationList = 18F131FD1C23B66A00619953 /* Build configuration list for PBXNativeTarget "customUIScrollViewUITests" */;
			buildPhases = (
				18F131EA1C23B66A00619953 /* Sources */,
				18F131EB1C23B66A00619953 /* Frameworks */,
				18F131EC1C23B66A00619953 /* Resources */,
			);
			buildRules = (
			);
			dependencies = (
				18F131F01C23B66A00619953 /* PBXTargetDependency */,
			);
			name = customUIScrollViewUITests;
			productName = customUIScrollViewUITests;
			productReference = 18F131EE1C23B66A00619953 /* customUIScrollViewUITests.xctest */;
			productType = "com.apple.product-type.bundle.ui-testing";
		};
/* End PBXNativeTarget section */

/* Begin PBXProject section */
		18F131C21C23B66A00619953 /* Project object */ = {
			isa = PBXProject;
			attributes = {
				LastUpgradeCheck = 0720;
				ORGANIZATIONNAME = apple;
				TargetAttributes = {
					18F131C91C23B66A00619953 = {
						CreatedOnToolsVersion = 7.2;
						DevelopmentTeam = P4E3K7KE83;
					};
					18F131E21C23B66A00619953 = {
						CreatedOnToolsVersion = 7.2;
						TestTargetID = 18F131C91C23B66A00619953;
					};
					18F131ED1C23B66A00619953 = {
						CreatedOnToolsVersion = 7.2;
						TestTargetID = 18F131C91C23B66A00619953;
					};
				};
			};
			buildConfigurationList = 18F131C51C23B66A00619953 /* Build configuration list for PBXProject "customUIScrollView" */;
			compatibilityVersion = "Xcode 3.2";
			developmentRegion = English;
			hasScannedForEncodings = 0;
			knownRegions = (
				en,
				Base,
			);
			mainGroup = 18F131C11C23B66A00619953;
			productRefGroup = 18F131CB1C23B66A00619953 /* Products */;
			projectDirPath = "";
			projectRoot = "";
			targets = (
				18F131C91C23B66A00619953 /* customUIScrollView */,
				18F131E21C23B66A00619953 /* customUIScrollViewTests */,
				18F131ED1C23B66A00619953 /* customUIScrollViewUITests */,
			);
		};
/* End PBXProject section */

/* Begin PBXResourcesBuildPhase section */
		18F131C81C23B66A00619953 /* Resources */ = {
			isa = PBXResourcesBuildPhase;
			buildActionMask = 2147483647;
			files = (
				18F131DD1C23B66A00619953 /* LaunchScreen.storyboard in Resources */,
				18F131DA1C23B66A00619953 /* Assets.xcassets in Resources */,
				18F132101C23F1E500619953 /* anniu_dibu@3x.png in Resources */,
				18F1320F1C23F1E500619953 /* anniu_dibu@2x.png in Resources */,
				18F132071C23B7B100619953 /* MyViewController.xib in Resources */,
				18F131D81C23B66A00619953 /* Main.storyboard in Resources */,
				18F1320E1C23F1E500619953 /* anniu_dibu.png in Resources */,
			);
			runOnlyForDeploymentPostprocessing = 0;
		};
		18F131E11C23B66A00619953 /* Resources */ = {
			isa = PBXResourcesBuildPhase;
			buildActionMask = 2147483647;
			files = (
			);
			runOnlyForDeploymentPostprocessing = 0;
		};
		18F131EC1C23B66A00619953 /* Resources */ = {
			isa = PBXResourcesBuildPhase;
			buildActionMask = 2147483647;
			files = (
			);
			runOnlyForDeploymentPostprocessing = 0;
		};
/* End PBXResourcesBuildPhase section */

/* Begin PBXSourcesBuildPhase section */
		18F131C61C23B66A00619953 /* Sources */ = {
			isa = PBXSourcesBuildPhase;
			buildActionMask = 2147483647;
			files = (
				18F131D51C23B66A00619953 /* ViewController.m in Sources */,
				18F132021C23B69500619953 /* BaseViewController.m in Sources */,
				18F131D21C23B66A00619953 /* AppDelegate.m in Sources */,
				18F131CF1C23B66A00619953 /* main.m in Sources */,
				18F132061C23B7B100619953 /* MyViewController.m in Sources */,
				18E7E52D1C2569550036641F /* CodeScrollTestViewController.m in Sources */,
				18E7E52A1C2563BD0036641F /* UIScrollView+AutoScroll.m in Sources */,
				18F1320A1C23C02400619953 /* UIAutoScrollView.m in Sources */,
			);
			runOnlyForDeploymentPostprocessing = 0;
		};
		18F131DF1C23B66A00619953 /* Sources */ = {
			isa = PBXSourcesBuildPhase;
			buildActionMask = 2147483647;
			files = (
				18F131E81C23B66A00619953 /* customUIScrollViewTests.m in Sources */,
			);
			runOnlyForDeploymentPostprocessing = 0;
		};
		18F131EA1C23B66A00619953 /* Sources */ = {
			isa = PBXSourcesBuildPhase;
			buildActionMask = 2147483647;
			files = (
				18F131F31C23B66A00619953 /* customUIScrollViewUITests.m in Sources */,
			);
			runOnlyForDeploymentPostprocessing = 0;
		};
/* End PBXSourcesBuildPhase section */

/* Begin PBXTargetDependency section */
		18F131E51C23B66A00619953 /* PBXTargetDependency */ = {
			isa = PBXTargetDependency;
			target = 18F131C91C23B66A00619953 /* customUIScrollView */;
			targetProxy = 18F131E41C23B66A00619953 /* PBXContainerItemProxy */;
		};
		18F131F01C23B66A00619953 /* PBXTargetDependency */ = {
			isa = PBXTargetDependency;
			target = 18F131C91C23B66A00619953 /* customUIScrollView */;
			targetProxy = 18F131EF1C23B66A00619953 /* PBXContainerItemProxy */;
		};
/* End PBXTargetDependency section */

/* Begin PBXVariantGroup section */
		18F131D61C23B66A00619953 /* Main.storyboard */ = {
			isa = PBXVariantGroup;
			children = (
				18F131D71C23B66A00619953 /* Base */,
			);
			name = Main.storyboard;
			sourceTree = "<group>";
		};
		18F131DB1C23B66A00619953 /* LaunchScreen.storyboard */ = {
			isa = PBXVariantGroup;
			children = (
				18F131DC1C23B66A00619953 /* Base */,
			);
			name = LaunchScreen.storyboard;
			sourceTree = "<group>";
		};
/* End PBXVariantGroup section */

/* Begin XCBuildConfiguration section */
		18F131F51C23B66A00619953 /* Debug */ = {
			isa = XCBuildConfiguration;
			buildSettings = {
				ALWAYS_SEARCH_USER_PATHS = NO;
				CLANG_CXX_LANGUAGE_STANDARD = "gnu++0x";
				CLANG_CXX_LIBRARY = "libc++";
				CLANG_ENABLE_MODULES = YES;
				CLANG_ENABLE_OBJC_ARC = YES;
				CLANG_WARN_BOOL_CONVERSION = YES;
				CLANG_WARN_CONSTANT_CONVERSION = YES;
				CLANG_WARN_DIRECT_OBJC_ISA_USAGE = YES_ERROR;
				CLANG_WARN_EMPTY_BODY = YES;
				CLANG_WARN_ENUM_CONVERSION = YES;
				CLANG_WARN_INT_CONVERSION = YES;
				CLANG_WARN_OBJC_ROOT_CLASS = YES_ERROR;
				CLANG_WARN_UNREACHABLE_CODE = YES;
				CLANG_WARN__DUPLICATE_METHOD_MATCH = YES;
				"CODE_SIGN_IDENTITY[sdk=iphoneos*]" = "iPhone Developer";
				COPY_PHASE_STRIP = NO;
				DEBUG_INFORMATION_FORMAT = dwarf;
				ENABLE_STRICT_OBJC_MSGSEND = YES;
				ENABLE_TESTABILITY = YES;
				GCC_C_LANGUAGE_STANDARD = gnu99;
				GCC_DYNAMIC_NO_PIC = NO;
				GCC_NO_COMMON_BLOCKS = YES;
				GCC_OPTIMIZATION_LEVEL = 0;
				GCC_PREPROCESSOR_DEFINITIONS = (
					"DEBUG=1",
					"$(inherited)",
				);
				GCC_WARN_64_TO_32_BIT_CONVERSION = YES;
				GCC_WARN_ABOUT_RETURN_TYPE = YES_ERROR;
				GCC_WARN_UNDECLARED_SELECTOR = YES;
				GCC_WARN_UNINITIALIZED_AUTOS = YES_AGGRESSIVE;
				GCC_WARN_UNUSED_FUNCTION = YES;
				GCC_WARN_UNUSED_VARIABLE = YES;
				IPHONEOS_DEPLOYMENT_TARGET = 8.1;
				MTL_ENABLE_DEBUG_INFO = YES;
				ONLY_ACTIVE_ARCH = YES;
				SDKROOT = iphoneos;
			};
			name = Debug;
		};
		18F131F61C23B66A00619953 /* Release */ = {
			isa = XCBuildConfiguration;
			buildSettings = {
				ALWAYS_SEARCH_USER_PATHS = NO;
				CLANG_CXX_LANGUAGE_STANDARD = "gnu++0x";
				CLANG_CXX_LIBRARY = "libc++";
				CLANG_ENABLE_MODULES = YES;
				CLANG_ENABLE_OBJC_ARC = YES;
				CLANG_WARN_BOOL_CONVERSION = YES;
				CLANG_WARN_CONSTANT_CONVERSION = YES;
				CLANG_WARN_DIRECT_OBJC_ISA_USAGE = YES_ERROR;
				CLANG_WARN_EMPTY_BODY = YES;
				CLANG_WARN_ENUM_CONVERSION = YES;
				CLANG_WARN_INT_CONVERSION = YES;
				CLANG_WARN_OBJC_ROOT_CLASS = YES_ERROR;
				CLANG_WARN_UNREACHABLE_CODE = YES;
				CLANG_WARN__DUPLICATE_METHOD_MATCH = YES;
				"CODE_SIGN_IDENTITY[sdk=iphoneos*]" = "iPhone Developer";
				COPY_PHASE_STRIP = NO;
				DEBUG_INFORMATION_FORMAT = "dwarf-with-dsym";
				ENABLE_NS_ASSERTIONS = NO;
				ENABLE_STRICT_OBJC_MSGSEND = YES;
				GCC_C_LANGUAGE_STANDARD = gnu99;
				GCC_NO_COMMON_BLOCKS = YES;
				GCC_WARN_64_TO_32_BIT_CONVERSION = YES;
				GCC_WARN_ABOUT_RETURN_TYPE = YES_ERROR;
				GCC_WARN_UNDECLARED_SELECTOR = YES;
				GCC_WARN_UNINITIALIZED_AUTOS = YES_AGGRESSIVE;
				GCC_WARN_UNUSED_FUNCTION = YES;
				GCC_WARN_UNUSED_VARIABLE = YES;
				IPHONEOS_DEPLOYMENT_TARGET = 8.1;
				MTL_ENABLE_DEBUG_INFO = NO;
				SDKROOT = iphoneos;
				VALIDATE_PRODUCT = YES;
			};
			name = Release;
		};
		18F131F81C23B66A00619953 /* Debug */ = {
			isa = XCBuildConfiguration;
			buildSettings = {
				ASSETCATALOG_COMPILER_APPICON_NAME = AppIcon;
				CODE_SIGN_IDENTITY = "iPhone Developer";
				INFOPLIST_FILE = customUIScrollView/Info.plist;
				LD_RUNPATH_SEARCH_PATHS = "$(inherited) @executable_path/Frameworks";
				PRODUCT_BUNDLE_IDENTIFIER = Af.customUIScrollView;
				PRODUCT_NAME = "$(TARGET_NAME)";
			};
			name = Debug;
		};
		18F131F91C23B66A00619953 /* Release */ = {
			isa = XCBuildConfiguration;
			buildSettings = {
				ASSETCATALOG_COMPILER_APPICON_NAME = AppIcon;
				CODE_SIGN_IDENTITY = "iPhone Developer";
				INFOPLIST_FILE = customUIScrollView/Info.plist;
				LD_RUNPATH_SEARCH_PATHS = "$(inherited) @executable_path/Frameworks";
				PRODUCT_BUNDLE_IDENTIFIER = Af.customUIScrollView;
				PRODUCT_NAME = "$(TARGET_NAME)";
			};
			name = Release;
		};
		18F131FB1C23B66A00619953 /* Debug */ = {
			isa = XCBuildConfiguration;
			buildSettings = {
				BUNDLE_LOADER = "$(TEST_HOST)";
				INFOPLIST_FILE = customUIScrollViewTests/Info.plist;
				LD_RUNPATH_SEARCH_PATHS = "$(inherited) @executable_path/Frameworks @loader_path/Frameworks";
				PRODUCT_BUNDLE_IDENTIFIER = Af.customUIScrollViewTests;
				PRODUCT_NAME = "$(TARGET_NAME)";
				TEST_HOST = "$(BUILT_PRODUCTS_DIR)/customUIScrollView.app/customUIScrollView";
			};
			name = Debug;
		};
		18F131FC1C23B66A00619953 /* Release */ = {
			isa = XCBuildConfiguration;
			buildSettings = {
				BUNDLE_LOADER = "$(TEST_HOST)";
				INFOPLIST_FILE = customUIScrollViewTests/Info.plist;
				LD_RUNPATH_SEARCH_PATHS = "$(inherited) @executable_path/Frameworks @loader_path/Frameworks";
				PRODUCT_BUNDLE_IDENTIFIER = Af.customUIScrollViewTests;
				PRODUCT_NAME = "$(TARGET_NAME)";
				TEST_HOST = "$(BUILT_PRODUCTS_DIR)/customUIScrollView.app/customUIScrollView";
			};
			name = Release;
		};
		18F131FE1C23B66A00619953 /* Debug */ = {
			isa = XCBuildConfiguration;
			buildSettings = {
				INFOPLIST_FILE = customUIScrollViewUITests/Info.plist;
				LD_RUNPATH_SEARCH_PATHS = "$(inherited) @executable_path/Frameworks @loader_path/Frameworks";
				PRODUCT_BUNDLE_IDENTIFIER = Af.customUIScrollViewUITests;
				PRODUCT_NAME = "$(TARGET_NAME)";
				TEST_TARGET_NAME = customUIScrollView;
				USES_XCTRUNNER = YES;
			};
			name = Debug;
		};
		18F131FF1C23B66A00619953 /* Release */ = {
			isa = XCBuildConfiguration;
			buildSettings = {
				INFOPLIST_FILE = customUIScrollViewUITests/Info.plist;
				LD_RUNPATH_SEARCH_PATHS = "$(inherited) @executable_path/Frameworks @loader_path/Frameworks";
				PRODUCT_BUNDLE_IDENTIFIER = Af.customUIScrollViewUITests;
				PRODUCT_NAME = "$(TARGET_NAME)";
				TEST_TARGET_NAME = customUIScrollView;
				USES_XCTRUNNER = YES;
			};
			name = Release;
		};
/* End XCBuildConfiguration section */

/* Begin XCConfigurationList section */
		18F131C51C23B66A00619953 /* Build configuration list for PBXProject "customUIScrollView" */ = {
			isa = XCConfigurationList;
			buildConfigurations = (
				18F131F51C23B66A00619953 /* Debug */,
				18F131F61C23B66A00619953 /* Release */,
			);
			defaultConfigurationIsVisible = 0;
			defaultConfigurationName = Release;
		};
		18F131F71C23B66A00619953 /* Build configuration list for PBXNativeTarget "customUIScrollView" */ = {
			isa = XCConfigurationList;
			buildConfigurations = (
				18F131F81C23B66A00619953 /* Debug */,
				18F131F91C23B66A00619953 /* Release */,
			);
			defaultConfigurationIsVisible = 0;
			defaultConfigurationName = Release;
		};
		18F131FA1C23B66A00619953 /* Build configuration list for PBXNativeTarget "customUIScrollViewTests" */ = {
			isa = XCConfigurationList;
			buildConfigurations = (
				18F131FB1C23B66A00619953 /* Debug */,
				18F131FC1C23B66A00619953 /* Release */,
			);
			defaultConfigurationIsVisible = 0;
			defaultConfigurationName = Release;
		};
		18F131FD1C23B66A00619953 /* Build configuration list for PBXNativeTarget "customUIScrollViewUITests" */ = {
			isa = XCConfigurationList;
			buildConfigurations = (
				18F131FE1C23B66A00619953 /* Debug */,
				18F131FF1C23B66A00619953 /* Release */,
			);
			defaultConfigurationIsVisible = 0;
			defaultConfigurationName = Release;
		};
/* End XCConfigurationList section */
	};
	rootObject = 18F131C21C23B66A00619953 /* Project object */;
}
